
Microsoft Visual Studio Solution File, Format Version 12.00
# Visual Studio Version 16
VisualStudioVersion = 16.0.31112.23
MinimumVisualStudioVersion = 10.0.40219.1
Project("{9A19103F-16F7-4668-BE54-9A1E7A4F7556}") = "WebApi", "WebApi\WebApi.csproj", "{33F33603-DB02-4A5E-AA6B-A8F05C0C04E7}"
EndProject
Project("{9A19103F-16F7-4668-BE54-9A1E7A4F7556}") = "WebApi.Tests", "WebApi.Tests\WebApi.Tests.csproj", "{95D9971D-40D3-44EC-855D-B841FD74D0A3}"
EndProject
Project("{9A19103F-16F7-4668-BE54-9A1E7A4F7556}") = "Infrastructure", "Infrastructure\Infrastructure.csproj", "{C020BB48-0DD6-49AD-83C1-202A9E105AEA}"
EndProject
Project("{9A19103F-16F7-4668-BE54-9A1E7A4F7556}") = "Application", "Application\Application.csproj", "{7A89BB5C-69EC-4BE1-A661-FABE067CF773}"
EndProject
Project("{9A19103F-16F7-4668-BE54-9A1E7A4F7556}") = "Domain", "Domain\Domain.csproj", "{29FC293D-B9E0-4241-BE5F-777154BB6A28}"
EndProject
Project("{FAE04EC0-301F-11D3-BF4B-00C04F79EFBC}") = "WebAPI.MockFactory.Tests", "WebAPI.MockFactory.Tests\WebAPI.MockFactory.Tests.csproj", "{67E7D29C-17D4-44F6-9BE1-A35FADB534DC}"
EndProject
Global
	GlobalSection(SolutionConfigurationPlatforms) = preSolution
		Debug|Any CPU = Debug|Any CPU
		Release|Any CPU = Release|Any CPU
	EndGlobalSection
	GlobalSection(ProjectConfigurationPlatforms) = postSolution
		{33F33603-DB02-4A5E-AA6B-A8F05C0C04E7}.Debug|Any CPU.ActiveCfg = Debug|Any CPU
		{33F33603-DB02-4A5E-AA6B-A8F05C0C04E7}.Debug|Any CPU.Build.0 = Debug|Any CPU
		{33F33603-DB02-4A5E-AA6B-A8F05C0C04E7}.Release|Any CPU.ActiveCfg = Release|Any CPU
		{33F33603-DB02-4A5E-AA6B-A8F05C0C04E7}.Release|Any CPU.Build.0 = Release|Any CPU
		{95D9971D-40D3-44EC-855D-B841FD74D0A3}.Debug|Any CPU.ActiveCfg = Debug|Any CPU
		{95D9971D-40D3-44EC-855D-B841FD74D0A3}.Debug|Any CPU.Build.0 = Debug|Any CPU
		{95D9971D-40D3-44EC-855D-B841FD74D0A3}.Release|Any CPU.ActiveCfg = Release|Any CPU
		{95D9971D-40D3-44EC-855D-B841FD74D0A3}.Release|Any CPU.Build.0 = Release|Any CPU
		{C020BB48-0DD6-49AD-83C1-202A9E105AEA}.Debug|Any CPU.ActiveCfg = Debug|Any CPU
		{C020BB48-0DD6-49AD-83C1-202A9E105AEA}.Debug|Any CPU.Build.0 = Debug|Any CPU
		{C020BB48-0DD6-49AD-83C1-202A9E105AEA}.Release|Any CPU.ActiveCfg = Release|Any CPU
		{C020BB48-0DD6-49AD-83C1-202A9E105AEA}.Release|Any CPU.Build.0 = Release|Any CPU
		{7A89BB5C-69EC-4BE1-A661-FABE067CF773}.Debug|Any CPU.ActiveCfg = Debug|Any CPU
		{7A89BB5C-69EC-4BE1-A661-FABE067CF773}.Debug|Any CPU.Build.0 = Debug|Any CPU
		{7A89BB5C-69EC-4BE1-A661-FABE067CF773}.Release|Any CPU.ActiveCfg = Release|Any CPU
		{7A89BB5C-69EC-4BE1-A661-FABE067CF773}.Release|Any CPU.Build.0 = Release|Any CPU
		{29FC293D-B9E0-4241-BE5F-777154BB6A28}.Debug|Any CPU.ActiveCfg = Debug|Any CPU
		{29FC293D-B9E0-4241-BE5F-777154BB6A28}.Debug|Any CPU.Build.0 = Debug|Any CPU
		{29FC293D-B9E0-4241-BE5F-777154BB6A28}.Release|Any CPU.ActiveCfg = Release|Any CPU
		{29FC293D-B9E0-4241-BE5F-777154BB6A28}.Release|Any CPU.Build.0 = Release|Any CPU
		{67E7D29C-17D4-44F6-9BE1-A35FADB534DC}.Debug|Any CPU.ActiveCfg = Debug|Any CPU
		{67E7D29C-17D4-44F6-9BE1-A35FADB534DC}.Debug|Any CPU.Build.0 = Debug|Any CPU
		{67E7D29C-17D4-44F6-9BE1-A35FADB534DC}.Release|Any CPU.ActiveCfg = Release|Any CPU
		{67E7D29C-17D4-44F6-9BE1-A35FADB534DC}.Release|Any CPU.Build.0 = Release|Any CPU
	EndGlobalSection
	GlobalSection(SolutionProperties) = preSolution
		HideSolutionNode = FALSE
	EndGlobalSection
	GlobalSection(ExtensibilityGlobals) = postSolution
		SolutionGuid = {CD93A79D-CF12-4CA2-B620-C69A8B965B48}
	EndGlobalSection
EndGlobal
